// !$*UTF8*$!
{
	archiveVersion = 1;
	classes = {
	};
	objectVersion = 46;
	objects = {

/* Begin PBXBuildFile section */
		2101C1081868769700A27E46 /* PicoCache.h in Headers */ = {isa = PBXBuildFile; fileRef = 2101C08C1868769700A27E46 /* PicoCache.h */; };
		2101C1091868769700A27E46 /* PicoCache.m in Sources */ = {isa = PBXBuildFile; fileRef = 2101C08D1868769700A27E46 /* PicoCache.m */; };
		2101C10A1868769700A27E46 /* PicoCacheEntry.h in Headers */ = {isa = PBXBuildFile; fileRef = 2101C08E1868769700A27E46 /* PicoCacheEntry.h */; };
		2101C10B1868769700A27E46 /* PicoCacheEntry.m in Sources */ = {isa = PBXBuildFile; fileRef = 2101C08F1868769700A27E46 /* PicoCacheEntry.m */; };
		2101C10C1868769700A27E46 /* PicoBoolConverter.h in Headers */ = {isa = PBXBuildFile; fileRef = 2101C0911868769700A27E46 /* PicoBoolConverter.h */; };
		2101C10D1868769700A27E46 /* PicoBoolConverter.m in Sources */ = {isa = PBXBuildFile; fileRef = 2101C0921868769700A27E46 /* PicoBoolConverter.m */; };
		2101C10E1868769700A27E46 /* PicoConvertable.h in Headers */ = {isa = PBXBuildFile; fileRef = 2101C0931868769700A27E46 /* PicoConvertable.h */; };
		2101C10F1868769700A27E46 /* PicoConverter.h in Headers */ = {isa = PBXBuildFile; fileRef = 2101C0941868769700A27E46 /* PicoConverter.h */; };
		2101C1101868769700A27E46 /* PicoConverter.m in Sources */ = {isa = PBXBuildFile; fileRef = 2101C0951868769700A27E46 /* PicoConverter.m */; };
		2101C1111868769700A27E46 /* PicoDataConverter.h in Headers */ = {isa = PBXBuildFile; fileRef = 2101C0961868769700A27E46 /* PicoDataConverter.h */; };
		2101C1121868769700A27E46 /* PicoDataConverter.m in Sources */ = {isa = PBXBuildFile; fileRef = 2101C0971868769700A27E46 /* PicoDataConverter.m */; };
		2101C1131868769700A27E46 /* PicoDateConverter.h in Headers */ = {isa = PBXBuildFile; fileRef = 2101C0981868769700A27E46 /* PicoDateConverter.h */; };
		2101C1141868769700A27E46 /* PicoDateConverter.m in Sources */ = {isa = PBXBuildFile; fileRef = 2101C0991868769700A27E46 /* PicoDateConverter.m */; };
		2101C1151868769700A27E46 /* PicoNumberConverter.h in Headers */ = {isa = PBXBuildFile; fileRef = 2101C09A1868769700A27E46 /* PicoNumberConverter.h */; };
		2101C1161868769700A27E46 /* PicoNumberConverter.m in Sources */ = {isa = PBXBuildFile; fileRef = 2101C09B1868769700A27E46 /* PicoNumberConverter.m */; };
		2101C1171868769700A27E46 /* PicoStringConverter.h in Headers */ = {isa = PBXBuildFile; fileRef = 2101C09C1868769700A27E46 /* PicoStringConverter.h */; };
		2101C1181868769700A27E46 /* PicoStringConverter.m in Sources */ = {isa = PBXBuildFile; fileRef = 2101C09D1868769700A27E46 /* PicoStringConverter.m */; };
		2101C1191868769700A27E46 /* PicoBindable.h in Headers */ = {isa = PBXBuildFile; fileRef = 2101C09E1868769700A27E46 /* PicoBindable.h */; };
		2101C11A1868769700A27E46 /* PicoConfig.h in Headers */ = {isa = PBXBuildFile; fileRef = 2101C09F1868769700A27E46 /* PicoConfig.h */; };
		2101C11B1868769700A27E46 /* PicoConfig.m in Sources */ = {isa = PBXBuildFile; fileRef = 2101C0A01868769700A27E46 /* PicoConfig.m */; };
		2101C11C1868769700A27E46 /* PicoConstants.h in Headers */ = {isa = PBXBuildFile; fileRef = 2101C0A11868769700A27E46 /* PicoConstants.h */; };
		2101C11D1868769700A27E46 /* PicoConstants.m in Sources */ = {isa = PBXBuildFile; fileRef = 2101C0A21868769700A27E46 /* PicoConstants.m */; };
		2101C11E1868769700A27E46 /* PicoReadable.h in Headers */ = {isa = PBXBuildFile; fileRef = 2101C0A31868769700A27E46 /* PicoReadable.h */; };
		2101C11F1868769700A27E46 /* PicoWritable.h in Headers */ = {isa = PBXBuildFile; fileRef = 2101C0A41868769700A27E46 /* PicoWritable.h */; };
		2101C1201868769700A27E46 /* PicoXMLReader.h in Headers */ = {isa = PBXBuildFile; fileRef = 2101C0A51868769700A27E46 /* PicoXMLReader.h */; };
		2101C1211868769700A27E46 /* PicoXMLReader.m in Sources */ = {isa = PBXBuildFile; fileRef = 2101C0A61868769700A27E46 /* PicoXMLReader.m */; };
		2101C1221868769700A27E46 /* PicoXMLWriter.h in Headers */ = {isa = PBXBuildFile; fileRef = 2101C0A71868769700A27E46 /* PicoXMLWriter.h */; };
		2101C1231868769700A27E46 /* PicoXMLWriter.m in Sources */ = {isa = PBXBuildFile; fileRef = 2101C0A81868769700A27E46 /* PicoXMLWriter.m */; };
		2101C1241868769700A27E46 /* PicoBindingSchema.h in Headers */ = {isa = PBXBuildFile; fileRef = 2101C0AA1868769700A27E46 /* PicoBindingSchema.h */; };
		2101C1251868769700A27E46 /* PicoBindingSchema.m in Sources */ = {isa = PBXBuildFile; fileRef = 2101C0AB1868769700A27E46 /* PicoBindingSchema.m */; };
		2101C1261868769700A27E46 /* PicoClassSchema.h in Headers */ = {isa = PBXBuildFile; fileRef = 2101C0AC1868769700A27E46 /* PicoClassSchema.h */; };
		2101C1271868769700A27E46 /* PicoClassSchema.m in Sources */ = {isa = PBXBuildFile; fileRef = 2101C0AD1868769700A27E46 /* PicoClassSchema.m */; };
		2101C1281868769700A27E46 /* PicoPropertySchema.h in Headers */ = {isa = PBXBuildFile; fileRef = 2101C0AE1868769700A27E46 /* PicoPropertySchema.h */; };
		2101C1291868769700A27E46 /* PicoPropertySchema.m in Sources */ = {isa = PBXBuildFile; fileRef = 2101C0AF1868769700A27E46 /* PicoPropertySchema.m */; };
		2101C12A1868769700A27E46 /* PicoXMLElement.h in Headers */ = {isa = PBXBuildFile; fileRef = 2101C0B11868769700A27E46 /* PicoXMLElement.h */; };
		2101C12B1868769700A27E46 /* PicoXMLElement.m in Sources */ = {isa = PBXBuildFile; fileRef = 2101C0B21868769700A27E46 /* PicoXMLElement.m */; };
		2101C12C1868769700A27E46 /* pico-Prefix.pch in Headers */ = {isa = PBXBuildFile; fileRef = 2101C0B31868769700A27E46 /* pico-Prefix.pch */; };
		2101C12D1868769700A27E46 /* PicoSOAPReader.h in Headers */ = {isa = PBXBuildFile; fileRef = 2101C0B51868769700A27E46 /* PicoSOAPReader.h */; };
		2101C12E1868769700A27E46 /* PicoSOAPReader.m in Sources */ = {isa = PBXBuildFile; fileRef = 2101C0B61868769700A27E46 /* PicoSOAPReader.m */; };
		2101C12F1868769700A27E46 /* PicoSOAPWriter.h in Headers */ = {isa = PBXBuildFile; fileRef = 2101C0B71868769700A27E46 /* PicoSOAPWriter.h */; };
		2101C1301868769700A27E46 /* PicoSOAPWriter.m in Sources */ = {isa = PBXBuildFile; fileRef = 2101C0B81868769700A27E46 /* PicoSOAPWriter.m */; };
		2101C1311868769700A27E46 /* SOAP11Body.h in Headers */ = {isa = PBXBuildFile; fileRef = 2101C0BA1868769700A27E46 /* SOAP11Body.h */; };
		2101C1321868769700A27E46 /* SOAP11Body.m in Sources */ = {isa = PBXBuildFile; fileRef = 2101C0BB1868769700A27E46 /* SOAP11Body.m */; };
		2101C1331868769700A27E46 /* SOAP11Detail.h in Headers */ = {isa = PBXBuildFile; fileRef = 2101C0BC1868769700A27E46 /* SOAP11Detail.h */; };
		2101C1341868769700A27E46 /* SOAP11Detail.m in Sources */ = {isa = PBXBuildFile; fileRef = 2101C0BD1868769700A27E46 /* SOAP11Detail.m */; };
		2101C1351868769700A27E46 /* SOAP11Envelope.h in Headers */ = {isa = PBXBuildFile; fileRef = 2101C0BE1868769700A27E46 /* SOAP11Envelope.h */; };
		2101C1361868769700A27E46 /* SOAP11Envelope.m in Sources */ = {isa = PBXBuildFile; fileRef = 2101C0BF1868769700A27E46 /* SOAP11Envelope.m */; };
		2101C1371868769700A27E46 /* SOAP11Fault.h in Headers */ = {isa = PBXBuildFile; fileRef = 2101C0C01868769700A27E46 /* SOAP11Fault.h */; };
		2101C1381868769700A27E46 /* SOAP11Fault.m in Sources */ = {isa = PBXBuildFile; fileRef = 2101C0C11868769700A27E46 /* SOAP11Fault.m */; };
		2101C1391868769700A27E46 /* SOAP11Header.h in Headers */ = {isa = PBXBuildFile; fileRef = 2101C0C21868769700A27E46 /* SOAP11Header.h */; };
		2101C13A1868769700A27E46 /* SOAP11Header.m in Sources */ = {isa = PBXBuildFile; fileRef = 2101C0C31868769700A27E46 /* SOAP11Header.m */; };
		2101C13B1868769700A27E46 /* SOAP12Body.h in Headers */ = {isa = PBXBuildFile; fileRef = 2101C0C51868769700A27E46 /* SOAP12Body.h */; };
		2101C13C1868769700A27E46 /* SOAP12Body.m in Sources */ = {isa = PBXBuildFile; fileRef = 2101C0C61868769700A27E46 /* SOAP12Body.m */; };
		2101C13D1868769700A27E46 /* SOAP12Detail.h in Headers */ = {isa = PBXBuildFile; fileRef = 2101C0C71868769700A27E46 /* SOAP12Detail.h */; };
		2101C13E1868769700A27E46 /* SOAP12Detail.m in Sources */ = {isa = PBXBuildFile; fileRef = 2101C0C81868769700A27E46 /* SOAP12Detail.m */; };
		2101C13F1868769700A27E46 /* SOAP12Envelope.h in Headers */ = {isa = PBXBuildFile; fileRef = 2101C0C91868769700A27E46 /* SOAP12Envelope.h */; };
		2101C1401868769700A27E46 /* SOAP12Envelope.m in Sources */ = {isa = PBXBuildFile; fileRef = 2101C0CA1868769700A27E46 /* SOAP12Envelope.m */; };
		2101C1411868769700A27E46 /* SOAP12Fault.h in Headers */ = {isa = PBXBuildFile; fileRef = 2101C0CB1868769700A27E46 /* SOAP12Fault.h */; };
		2101C1421868769700A27E46 /* SOAP12Fault.m in Sources */ = {isa = PBXBuildFile; fileRef = 2101C0CC1868769700A27E46 /* SOAP12Fault.m */; };
		2101C1431868769700A27E46 /* SOAP12Faultcode.h in Headers */ = {isa = PBXBuildFile; fileRef = 2101C0CD1868769700A27E46 /* SOAP12Faultcode.h */; };
		2101C1441868769700A27E46 /* SOAP12Faultcode.m in Sources */ = {isa = PBXBuildFile; fileRef = 2101C0CE1868769700A27E46 /* SOAP12Faultcode.m */; };
		2101C1451868769700A27E46 /* SOAP12FaultcodeEnum.h in Headers */ = {isa = PBXBuildFile; fileRef = 2101C0CF1868769700A27E46 /* SOAP12FaultcodeEnum.h */; };
		2101C1461868769700A27E46 /* SOAP12FaultcodeEnum.m in Sources */ = {isa = PBXBuildFile; fileRef = 2101C0D01868769700A27E46 /* SOAP12FaultcodeEnum.m */; };
		2101C1471868769700A27E46 /* SOAP12Faultreason.h in Headers */ = {isa = PBXBuildFile; fileRef = 2101C0D11868769700A27E46 /* SOAP12Faultreason.h */; };
		2101C1481868769700A27E46 /* SOAP12Faultreason.m in Sources */ = {isa = PBXBuildFile; fileRef = 2101C0D21868769700A27E46 /* SOAP12Faultreason.m */; };
		2101C1491868769700A27E46 /* SOAP12Header.h in Headers */ = {isa = PBXBuildFile; fileRef = 2101C0D31868769700A27E46 /* SOAP12Header.h */; };
		2101C14A1868769700A27E46 /* SOAP12Header.m in Sources */ = {isa = PBXBuildFile; fileRef = 2101C0D41868769700A27E46 /* SOAP12Header.m */; };
		2101C14B1868769700A27E46 /* SOAP12NotUnderstoodType.h in Headers */ = {isa = PBXBuildFile; fileRef = 2101C0D51868769700A27E46 /* SOAP12NotUnderstoodType.h */; };
		2101C14C1868769700A27E46 /* SOAP12NotUnderstoodType.m in Sources */ = {isa = PBXBuildFile; fileRef = 2101C0D61868769700A27E46 /* SOAP12NotUnderstoodType.m */; };
		2101C14D1868769700A27E46 /* SOAP12Reasontext.h in Headers */ = {isa = PBXBuildFile; fileRef = 2101C0D71868769700A27E46 /* SOAP12Reasontext.h */; };
		2101C14E1868769700A27E46 /* SOAP12Reasontext.m in Sources */ = {isa = PBXBuildFile; fileRef = 2101C0D81868769700A27E46 /* SOAP12Reasontext.m */; };
		2101C14F1868769700A27E46 /* SOAP12Subcode.h in Headers */ = {isa = PBXBuildFile; fileRef = 2101C0D91868769700A27E46 /* SOAP12Subcode.h */; };
		2101C1501868769700A27E46 /* SOAP12Subcode.m in Sources */ = {isa = PBXBuildFile; fileRef = 2101C0DA1868769700A27E46 /* SOAP12Subcode.m */; };
		2101C1511868769700A27E46 /* SOAP12SupportedEnvType.h in Headers */ = {isa = PBXBuildFile; fileRef = 2101C0DB1868769700A27E46 /* SOAP12SupportedEnvType.h */; };
		2101C1521868769700A27E46 /* SOAP12SupportedEnvType.m in Sources */ = {isa = PBXBuildFile; fileRef = 2101C0DC1868769700A27E46 /* SOAP12SupportedEnvType.m */; };
		2101C1531868769700A27E46 /* SOAP12UpgradeType.h in Headers */ = {isa = PBXBuildFile; fileRef = 2101C0DD1868769700A27E46 /* SOAP12UpgradeType.h */; };
		2101C1541868769700A27E46 /* SOAP12UpgradeType.m in Sources */ = {isa = PBXBuildFile; fileRef = 2101C0DE1868769700A27E46 /* SOAP12UpgradeType.m */; };
		2101C1551868769700A27E46 /* AFHTTPClient.h in Headers */ = {isa = PBXBuildFile; fileRef = 2101C0E11868769700A27E46 /* AFHTTPClient.h */; };
		2101C1561868769700A27E46 /* AFHTTPClient.m in Sources */ = {isa = PBXBuildFile; fileRef = 2101C0E21868769700A27E46 /* AFHTTPClient.m */; };
		2101C1571868769700A27E46 /* AFHTTPRequestOperation.h in Headers */ = {isa = PBXBuildFile; fileRef = 2101C0E31868769700A27E46 /* AFHTTPRequestOperation.h */; };
		2101C1581868769700A27E46 /* AFHTTPRequestOperation.m in Sources */ = {isa = PBXBuildFile; fileRef = 2101C0E41868769700A27E46 /* AFHTTPRequestOperation.m */; };
		2101C1591868769700A27E46 /* AFImageRequestOperation.h in Headers */ = {isa = PBXBuildFile; fileRef = 2101C0E51868769700A27E46 /* AFImageRequestOperation.h */; };
		2101C15A1868769700A27E46 /* AFImageRequestOperation.m in Sources */ = {isa = PBXBuildFile; fileRef = 2101C0E61868769700A27E46 /* AFImageRequestOperation.m */; };
		2101C15B1868769700A27E46 /* AFJSONRequestOperation.h in Headers */ = {isa = PBXBuildFile; fileRef = 2101C0E71868769700A27E46 /* AFJSONRequestOperation.h */; };
		2101C15C1868769700A27E46 /* AFJSONRequestOperation.m in Sources */ = {isa = PBXBuildFile; fileRef = 2101C0E81868769700A27E46 /* AFJSONRequestOperation.m */; };
		2101C15D1868769700A27E46 /* AFJSONUtilities.h in Headers */ = {isa = PBXBuildFile; fileRef = 2101C0E91868769700A27E46 /* AFJSONUtilities.h */; };
		2101C15E1868769700A27E46 /* AFJSONUtilities.m in Sources */ = {isa = PBXBuildFile; fileRef = 2101C0EA1868769700A27E46 /* AFJSONUtilities.m */; };
		2101C15F1868769700A27E46 /* AFNetworkActivityIndicatorManager.h in Headers */ = {isa = PBXBuildFile; fileRef = 2101C0EB1868769700A27E46 /* AFNetworkActivityIndicatorManager.h */; };
		2101C1601868769700A27E46 /* AFNetworkActivityIndicatorManager.m in Sources */ = {isa = PBXBuildFile; fileRef = 2101C0EC1868769700A27E46 /* AFNetworkActivityIndicatorManager.m */; };
		2101C1611868769700A27E46 /* AFNetworking.h in Headers */ = {isa = PBXBuildFile; fileRef = 2101C0ED1868769700A27E46 /* AFNetworking.h */; };
		2101C1621868769700A27E46 /* AFPropertyListRequestOperation.h in Headers */ = {isa = PBXBuildFile; fileRef = 2101C0EE1868769700A27E46 /* AFPropertyListRequestOperation.h */; };
		2101C1631868769700A27E46 /* AFPropertyListRequestOperation.m in Sources */ = {isa = PBXBuildFile; fileRef = 2101C0EF1868769700A27E46 /* AFPropertyListRequestOperation.m */; };
		2101C1641868769700A27E46 /* AFURLConnectionOperation.h in Headers */ = {isa = PBXBuildFile; fileRef = 2101C0F01868769700A27E46 /* AFURLConnectionOperation.h */; };
		2101C1651868769700A27E46 /* AFURLConnectionOperation.m in Sources */ = {isa = PBXBuildFile; fileRef = 2101C0F11868769700A27E46 /* AFURLConnectionOperation.m */; };
		2101C1661868769700A27E46 /* AFXMLRequestOperation.h in Headers */ = {isa = PBXBuildFile; fileRef = 2101C0F21868769700A27E46 /* AFXMLRequestOperation.h */; };
		2101C1671868769700A27E46 /* AFXMLRequestOperation.m in Sources */ = {isa = PBXBuildFile; fileRef = 2101C0F31868769700A27E46 /* AFXMLRequestOperation.m */; };
		2101C1681868769700A27E46 /* UIImageView+AFNetworking.h in Headers */ = {isa = PBXBuildFile; fileRef = 2101C0F41868769700A27E46 /* UIImageView+AFNetworking.h */; };
		2101C1691868769700A27E46 /* UIImageView+AFNetworking.m in Sources */ = {isa = PBXBuildFile; fileRef = 2101C0F51868769700A27E46 /* UIImageView+AFNetworking.m */; };
		2101C16A1868769700A27E46 /* GDataXMLNode.h in Headers */ = {isa = PBXBuildFile; fileRef = 2101C0F71868769700A27E46 /* GDataXMLNode.h */; };
		2101C16B1868769700A27E46 /* GDataXMLNode.m in Sources */ = {isa = PBXBuildFile; fileRef = 2101C0F81868769700A27E46 /* GDataXMLNode.m */; };
		2101C16C1868769700A27E46 /* OrderedDictionary.h in Headers */ = {isa = PBXBuildFile; fileRef = 2101C0FA1868769700A27E46 /* OrderedDictionary.h */; };
		2101C16D1868769700A27E46 /* OrderedDictionary.m in Sources */ = {isa = PBXBuildFile; fileRef = 2101C0FB1868769700A27E46 /* OrderedDictionary.m */; };
		2101C16E1868769700A27E46 /* XMLWriter.h in Headers */ = {isa = PBXBuildFile; fileRef = 2101C0FD1868769700A27E46 /* XMLWriter.h */; };
		2101C16F1868769700A27E46 /* XMLWriter.m in Sources */ = {isa = PBXBuildFile; fileRef = 2101C0FE1868769700A27E46 /* XMLWriter.m */; };
		2101C1701868769700A27E46 /* PicoSOAPClient.h in Headers */ = {isa = PBXBuildFile; fileRef = 2101C1001868769700A27E46 /* PicoSOAPClient.h */; };
		2101C1711868769700A27E46 /* PicoSOAPClient.m in Sources */ = {isa = PBXBuildFile; fileRef = 2101C1011868769700A27E46 /* PicoSOAPClient.m */; };
		2101C1721868769700A27E46 /* PicoSOAPRequestOperation.h in Headers */ = {isa = PBXBuildFile; fileRef = 2101C1021868769700A27E46 /* PicoSOAPRequestOperation.h */; };
		2101C1731868769700A27E46 /* PicoSOAPRequestOperation.m in Sources */ = {isa = PBXBuildFile; fileRef = 2101C1031868769700A27E46 /* PicoSOAPRequestOperation.m */; };
		2101C1741868769700A27E46 /* PicoXMLClient.h in Headers */ = {isa = PBXBuildFile; fileRef = 2101C1041868769700A27E46 /* PicoXMLClient.h */; };
		2101C1751868769700A27E46 /* PicoXMLClient.m in Sources */ = {isa = PBXBuildFile; fileRef = 2101C1051868769700A27E46 /* PicoXMLClient.m */; };
		2101C1761868769700A27E46 /* PicoXMLRequestOperation.h in Headers */ = {isa = PBXBuildFile; fileRef = 2101C1061868769700A27E46 /* PicoXMLRequestOperation.h */; };
		2101C1771868769700A27E46 /* PicoXMLRequestOperation.m in Sources */ = {isa = PBXBuildFile; fileRef = 2101C1071868769700A27E46 /* PicoXMLRequestOperation.m */; };
		CEAA8F1916D9C70E0024B5D7 /* Foundation.framework in Frameworks */ = {isa = PBXBuildFile; fileRef = CEAA8F1816D9C70E0024B5D7 /* Foundation.framework */; };
/* End PBXBuildFile section */

/* Begin PBXCopyFilesBuildPhase section */
		CEAA8F1316D9C70E0024B5D7 /* Copy Files */ = {
			isa = PBXCopyFilesBuildPhase;
			buildActionMask = 2147483647;
			dstPath = "include/${PRODUCT_NAME}";
			dstSubfolderSpec = 16;
			files = (
			);
			name = "Copy Files";
			runOnlyForDeploymentPostprocessing = 0;
		};
/* End PBXCopyFilesBuildPhase section */

/* Begin PBXFileReference section */
		2101C08C1868769700A27E46 /* PicoCache.h */ = {isa = PBXFileReference; fileEncoding = 4; lastKnownFileType = sourcecode.c.h; path = PicoCache.h; sourceTree = "<group>"; };
		2101C08D1868769700A27E46 /* PicoCache.m */ = {isa = PBXFileReference; fileEncoding = 4; lastKnownFileType = sourcecode.c.objc; path = PicoCache.m; sourceTree = "<group>"; };
		2101C08E1868769700A27E46 /* PicoCacheEntry.h */ = {isa = PBXFileReference; fileEncoding = 4; lastKnownFileType = sourcecode.c.h; path = PicoCacheEntry.h; sourceTree = "<group>"; };
		2101C08F1868769700A27E46 /* PicoCacheEntry.m */ = {isa = PBXFileReference; fileEncoding = 4; lastKnownFileType = sourcecode.c.objc; path = PicoCacheEntry.m; sourceTree = "<group>"; };
		2101C0911868769700A27E46 /* PicoBoolConverter.h */ = {isa = PBXFileReference; fileEncoding = 4; lastKnownFileType = sourcecode.c.h; path = PicoBoolConverter.h; sourceTree = "<group>"; };
		2101C0921868769700A27E46 /* PicoBoolConverter.m */ = {isa = PBXFileReference; fileEncoding = 4; lastKnownFileType = sourcecode.c.objc; path = PicoBoolConverter.m; sourceTree = "<group>"; };
		2101C0931868769700A27E46 /* PicoConvertable.h */ = {isa = PBXFileReference; fileEncoding = 4; lastKnownFileType = sourcecode.c.h; path = PicoConvertable.h; sourceTree = "<group>"; };
		2101C0941868769700A27E46 /* PicoConverter.h */ = {isa = PBXFileReference; fileEncoding = 4; lastKnownFileType = sourcecode.c.h; path = PicoConverter.h; sourceTree = "<group>"; };
		2101C0951868769700A27E46 /* PicoConverter.m */ = {isa = PBXFileReference; fileEncoding = 4; lastKnownFileType = sourcecode.c.objc; path = PicoConverter.m; sourceTree = "<group>"; };
		2101C0961868769700A27E46 /* PicoDataConverter.h */ = {isa = PBXFileReference; fileEncoding = 4; lastKnownFileType = sourcecode.c.h; path = PicoDataConverter.h; sourceTree = "<group>"; };
		2101C0971868769700A27E46 /* PicoDataConverter.m */ = {isa = PBXFileReference; fileEncoding = 4; lastKnownFileType = sourcecode.c.objc; path = PicoDataConverter.m; sourceTree = "<group>"; };
		2101C0981868769700A27E46 /* PicoDateConverter.h */ = {isa = PBXFileReference; fileEncoding = 4; lastKnownFileType = sourcecode.c.h; path = PicoDateConverter.h; sourceTree = "<group>"; };
		2101C0991868769700A27E46 /* PicoDateConverter.m */ = {isa = PBXFileReference; fileEncoding = 4; lastKnownFileType = sourcecode.c.objc; path = PicoDateConverter.m; sourceTree = "<group>"; };
		2101C09A1868769700A27E46 /* PicoNumberConverter.h */ = {isa = PBXFileReference; fileEncoding = 4; lastKnownFileType = sourcecode.c.h; path = PicoNumberConverter.h; sourceTree = "<group>"; };
		2101C09B1868769700A27E46 /* PicoNumberConverter.m */ = {isa = PBXFileReference; fileEncoding = 4; lastKnownFileType = sourcecode.c.objc; path = PicoNumberConverter.m; sourceTree = "<group>"; };
		2101C09C1868769700A27E46 /* PicoStringConverter.h */ = {isa = PBXFileReference; fileEncoding = 4; lastKnownFileType = sourcecode.c.h; path = PicoStringConverter.h; sourceTree = "<group>"; };
		2101C09D1868769700A27E46 /* PicoStringConverter.m */ = {isa = PBXFileReference; fileEncoding = 4; lastKnownFileType = sourcecode.c.objc; path = PicoStringConverter.m; sourceTree = "<group>"; };
		2101C09E1868769700A27E46 /* PicoBindable.h */ = {isa = PBXFileReference; fileEncoding = 4; lastKnownFileType = sourcecode.c.h; path = PicoBindable.h; sourceTree = "<group>"; };
		2101C09F1868769700A27E46 /* PicoConfig.h */ = {isa = PBXFileReference; fileEncoding = 4; lastKnownFileType = sourcecode.c.h; path = PicoConfig.h; sourceTree = "<group>"; };
		2101C0A01868769700A27E46 /* PicoConfig.m */ = {isa = PBXFileReference; fileEncoding = 4; lastKnownFileType = sourcecode.c.objc; path = PicoConfig.m; sourceTree = "<group>"; };
		2101C0A11868769700A27E46 /* PicoConstants.h */ = {isa = PBXFileReference; fileEncoding = 4; lastKnownFileType = sourcecode.c.h; path = PicoConstants.h; sourceTree = "<group>"; };
		2101C0A21868769700A27E46 /* PicoConstants.m */ = {isa = PBXFileReference; fileEncoding = 4; lastKnownFileType = sourcecode.c.objc; path = PicoConstants.m; sourceTree = "<group>"; };
		2101C0A31868769700A27E46 /* PicoReadable.h */ = {isa = PBXFileReference; fileEncoding = 4; lastKnownFileType = sourcecode.c.h; path = PicoReadable.h; sourceTree = "<group>"; };
		2101C0A41868769700A27E46 /* PicoWritable.h */ = {isa = PBXFileReference; fileEncoding = 4; lastKnownFileType = sourcecode.c.h; path = PicoWritable.h; sourceTree = "<group>"; };
		2101C0A51868769700A27E46 /* PicoXMLReader.h */ = {isa = PBXFileReference; fileEncoding = 4; lastKnownFileType = sourcecode.c.h; path = PicoXMLReader.h; sourceTree = "<group>"; };
		2101C0A61868769700A27E46 /* PicoXMLReader.m */ = {isa = PBXFileReference; fileEncoding = 4; lastKnownFileType = sourcecode.c.objc; path = PicoXMLReader.m; sourceTree = "<group>"; };
		2101C0A71868769700A27E46 /* PicoXMLWriter.h */ = {isa = PBXFileReference; fileEncoding = 4; lastKnownFileType = sourcecode.c.h; path = PicoXMLWriter.h; sourceTree = "<group>"; };
		2101C0A81868769700A27E46 /* PicoXMLWriter.m */ = {isa = PBXFileReference; fileEncoding = 4; lastKnownFileType = sourcecode.c.objc; path = PicoXMLWriter.m; sourceTree = "<group>"; };
		2101C0AA1868769700A27E46 /* PicoBindingSchema.h */ = {isa = PBXFileReference; fileEncoding = 4; lastKnownFileType = sourcecode.c.h; path = PicoBindingSchema.h; sourceTree = "<group>"; };
		2101C0AB1868769700A27E46 /* PicoBindingSchema.m */ = {isa = PBXFileReference; fileEncoding = 4; lastKnownFileType = sourcecode.c.objc; path = PicoBindingSchema.m; sourceTree = "<group>"; };
		2101C0AC1868769700A27E46 /* PicoClassSchema.h */ = {isa = PBXFileReference; fileEncoding = 4; lastKnownFileType = sourcecode.c.h; path = PicoClassSchema.h; sourceTree = "<group>"; };
		2101C0AD1868769700A27E46 /* PicoClassSchema.m */ = {isa = PBXFileReference; fileEncoding = 4; lastKnownFileType = sourcecode.c.objc; path = PicoClassSchema.m; sourceTree = "<group>"; };
		2101C0AE1868769700A27E46 /* PicoPropertySchema.h */ = {isa = PBXFileReference; fileEncoding = 4; lastKnownFileType = sourcecode.c.h; path = PicoPropertySchema.h; sourceTree = "<group>"; };
		2101C0AF1868769700A27E46 /* PicoPropertySchema.m */ = {isa = PBXFileReference; fileEncoding = 4; lastKnownFileType = sourcecode.c.objc; path = PicoPropertySchema.m; sourceTree = "<group>"; };
		2101C0B11868769700A27E46 /* PicoXMLElement.h */ = {isa = PBXFileReference; fileEncoding = 4; lastKnownFileType = sourcecode.c.h; path = PicoXMLElement.h; sourceTree = "<group>"; };
		2101C0B21868769700A27E46 /* PicoXMLElement.m */ = {isa = PBXFileReference; fileEncoding = 4; lastKnownFileType = sourcecode.c.objc; path = PicoXMLElement.m; sourceTree = "<group>"; };
		2101C0B31868769700A27E46 /* pico-Prefix.pch */ = {isa = PBXFileReference; fileEncoding = 4; lastKnownFileType = sourcecode.c.h; path = "pico-Prefix.pch"; sourceTree = "<group>"; };
		2101C0B51868769700A27E46 /* PicoSOAPReader.h */ = {isa = PBXFileReference; fileEncoding = 4; lastKnownFileType = sourcecode.c.h; path = PicoSOAPReader.h; sourceTree = "<group>"; };
		2101C0B61868769700A27E46 /* PicoSOAPReader.m */ = {isa = PBXFileReference; fileEncoding = 4; lastKnownFileType = sourcecode.c.objc; path = PicoSOAPReader.m; sourceTree = "<group>"; };
		2101C0B71868769700A27E46 /* PicoSOAPWriter.h */ = {isa = PBXFileReference; fileEncoding = 4; lastKnownFileType = sourcecode.c.h; path = PicoSOAPWriter.h; sourceTree = "<group>"; };
		2101C0B81868769700A27E46 /* PicoSOAPWriter.m */ = {isa = PBXFileReference; fileEncoding = 4; lastKnownFileType = sourcecode.c.objc; path = PicoSOAPWriter.m; sourceTree = "<group>"; };
		2101C0BA1868769700A27E46 /* SOAP11Body.h */ = {isa = PBXFileReference; fileEncoding = 4; lastKnownFileType = sourcecode.c.h; path = SOAP11Body.h; sourceTree = "<group>"; };
		2101C0BB1868769700A27E46 /* SOAP11Body.m */ = {isa = PBXFileReference; fileEncoding = 4; lastKnownFileType = sourcecode.c.objc; path = SOAP11Body.m; sourceTree = "<group>"; };
		2101C0BC1868769700A27E46 /* SOAP11Detail.h */ = {isa = PBXFileReference; fileEncoding = 4; lastKnownFileType = sourcecode.c.h; path = SOAP11Detail.h; sourceTree = "<group>"; };
		2101C0BD1868769700A27E46 /* SOAP11Detail.m */ = {isa = PBXFileReference; fileEncoding = 4; lastKnownFileType = sourcecode.c.objc; path = SOAP11Detail.m; sourceTree = "<group>"; };
		2101C0BE1868769700A27E46 /* SOAP11Envelope.h */ = {isa = PBXFileReference; fileEncoding = 4; lastKnownFileType = sourcecode.c.h; path = SOAP11Envelope.h; sourceTree = "<group>"; };
		2101C0BF1868769700A27E46 /* SOAP11Envelope.m */ = {isa = PBXFileReference; fileEncoding = 4; lastKnownFileType = sourcecode.c.objc; path = SOAP11Envelope.m; sourceTree = "<group>"; };
		2101C0C01868769700A27E46 /* SOAP11Fault.h */ = {isa = PBXFileReference; fileEncoding = 4; lastKnownFileType = sourcecode.c.h; path = SOAP11Fault.h; sourceTree = "<group>"; };
		2101C0C11868769700A27E46 /* SOAP11Fault.m */ = {isa = PBXFileReference; fileEncoding = 4; lastKnownFileType = sourcecode.c.objc; path = SOAP11Fault.m; sourceTree = "<group>"; };
		2101C0C21868769700A27E46 /* SOAP11Header.h */ = {isa = PBXFileReference; fileEncoding = 4; lastKnownFileType = sourcecode.c.h; path = SOAP11Header.h; sourceTree = "<group>"; };
		2101C0C31868769700A27E46 /* SOAP11Header.m */ = {isa = PBXFileReference; fileEncoding = 4; lastKnownFileType = sourcecode.c.objc; path = SOAP11Header.m; sourceTree = "<group>"; };
		2101C0C51868769700A27E46 /* SOAP12Body.h */ = {isa = PBXFileReference; fileEncoding = 4; lastKnownFileType = sourcecode.c.h; path = SOAP12Body.h; sourceTree = "<group>"; };
		2101C0C61868769700A27E46 /* SOAP12Body.m */ = {isa = PBXFileReference; fileEncoding = 4; lastKnownFileType = sourcecode.c.objc; path = SOAP12Body.m; sourceTree = "<group>"; };
		2101C0C71868769700A27E46 /* SOAP12Detail.h */ = {isa = PBXFileReference; fileEncoding = 4; lastKnownFileType = sourcecode.c.h; path = SOAP12Detail.h; sourceTree = "<group>"; };
		2101C0C81868769700A27E46 /* SOAP12Detail.m */ = {isa = PBXFileReference; fileEncoding = 4; lastKnownFileType = sourcecode.c.objc; path = SOAP12Detail.m; sourceTree = "<group>"; };
		2101C0C91868769700A27E46 /* SOAP12Envelope.h */ = {isa = PBXFileReference; fileEncoding = 4; lastKnownFileType = sourcecode.c.h; path = SOAP12Envelope.h; sourceTree = "<group>"; };
		2101C0CA1868769700A27E46 /* SOAP12Envelope.m */ = {isa = PBXFileReference; fileEncoding = 4; lastKnownFileType = sourcecode.c.objc; path = SOAP12Envelope.m; sourceTree = "<group>"; };
		2101C0CB1868769700A27E46 /* SOAP12Fault.h */ = {isa = PBXFileReference; fileEncoding = 4; lastKnownFileType = sourcecode.c.h; path = SOAP12Fault.h; sourceTree = "<group>"; };
		2101C0CC1868769700A27E46 /* SOAP12Fault.m */ = {isa = PBXFileReference; fileEncoding = 4; lastKnownFileType = sourcecode.c.objc; path = SOAP12Fault.m; sourceTree = "<group>"; };
		2101C0CD1868769700A27E46 /* SOAP12Faultcode.h */ = {isa = PBXFileReference; fileEncoding = 4; lastKnownFileType = sourcecode.c.h; path = SOAP12Faultcode.h; sourceTree = "<group>"; };
		2101C0CE1868769700A27E46 /* SOAP12Faultcode.m */ = {isa = PBXFileReference; fileEncoding = 4; lastKnownFileType = sourcecode.c.objc; path = SOAP12Faultcode.m; sourceTree = "<group>"; };
		2101C0CF1868769700A27E46 /* SOAP12FaultcodeEnum.h */ = {isa = PBXFileReference; fileEncoding = 4; lastKnownFileType = sourcecode.c.h; path = SOAP12FaultcodeEnum.h; sourceTree = "<group>"; };
		2101C0D01868769700A27E46 /* SOAP12FaultcodeEnum.m */ = {isa = PBXFileReference; fileEncoding = 4; lastKnownFileType = sourcecode.c.objc; path = SOAP12FaultcodeEnum.m; sourceTree = "<group>"; };
		2101C0D11868769700A27E46 /* SOAP12Faultreason.h */ = {isa = PBXFileReference; fileEncoding = 4; lastKnownFileType = sourcecode.c.h; path = SOAP12Faultreason.h; sourceTree = "<group>"; };
		2101C0D21868769700A27E46 /* SOAP12Faultreason.m */ = {isa = PBXFileReference; fileEncoding = 4; lastKnownFileType = sourcecode.c.objc; path = SOAP12Faultreason.m; sourceTree = "<group>"; };
		2101C0D31868769700A27E46 /* SOAP12Header.h */ = {isa = PBXFileReference; fileEncoding = 4; lastKnownFileType = sourcecode.c.h; path = SOAP12Header.h; sourceTree = "<group>"; };
		2101C0D41868769700A27E46 /* SOAP12Header.m */ = {isa = PBXFileReference; fileEncoding = 4; lastKnownFileType = sourcecode.c.objc; path = SOAP12Header.m; sourceTree = "<group>"; };
		2101C0D51868769700A27E46 /* SOAP12NotUnderstoodType.h */ = {isa = PBXFileReference; fileEncoding = 4; lastKnownFileType = sourcecode.c.h; path = SOAP12NotUnderstoodType.h; sourceTree = "<group>"; };
		2101C0D61868769700A27E46 /* SOAP12NotUnderstoodType.m */ = {isa = PBXFileReference; fileEncoding = 4; lastKnownFileType = sourcecode.c.objc; path = SOAP12NotUnderstoodType.m; sourceTree = "<group>"; };
		2101C0D71868769700A27E46 /* SOAP12Reasontext.h */ = {isa = PBXFileReference; fileEncoding = 4; lastKnownFileType = sourcecode.c.h; path = SOAP12Reasontext.h; sourceTree = "<group>"; };
		2101C0D81868769700A27E46 /* SOAP12Reasontext.m */ = {isa = PBXFileReference; fileEncoding = 4; lastKnownFileType = sourcecode.c.objc; path = SOAP12Reasontext.m; sourceTree = "<group>"; };
		2101C0D91868769700A27E46 /* SOAP12Subcode.h */ = {isa = PBXFileReference; fileEncoding = 4; lastKnownFileType = sourcecode.c.h; path = SOAP12Subcode.h; sourceTree = "<group>"; };
		2101C0DA1868769700A27E46 /* SOAP12Subcode.m */ = {isa = PBXFileReference; fileEncoding = 4; lastKnownFileType = sourcecode.c.objc; path = SOAP12Subcode.m; sourceTree = "<group>"; };
		2101C0DB1868769700A27E46 /* SOAP12SupportedEnvType.h */ = {isa = PBXFileReference; fileEncoding = 4; lastKnownFileType = sourcecode.c.h; path = SOAP12SupportedEnvType.h; sourceTree = "<group>"; };
		2101C0DC1868769700A27E46 /* SOAP12SupportedEnvType.m */ = {isa = PBXFileReference; fileEncoding = 4; lastKnownFileType = sourcecode.c.objc; path = SOAP12SupportedEnvType.m; sourceTree = "<group>"; };
		2101C0DD1868769700A27E46 /* SOAP12UpgradeType.h */ = {isa = PBXFileReference; fileEncoding = 4; lastKnownFileType = sourcecode.c.h; path = SOAP12UpgradeType.h; sourceTree = "<group>"; };
		2101C0DE1868769700A27E46 /* SOAP12UpgradeType.m */ = {isa = PBXFileReference; fileEncoding = 4; lastKnownFileType = sourcecode.c.objc; path = SOAP12UpgradeType.m; sourceTree = "<group>"; };
		2101C0E11868769700A27E46 /* AFHTTPClient.h */ = {isa = PBXFileReference; fileEncoding = 4; lastKnownFileType = sourcecode.c.h; path = AFHTTPClient.h; sourceTree = "<group>"; };
		2101C0E21868769700A27E46 /* AFHTTPClient.m */ = {isa = PBXFileReference; fileEncoding = 4; lastKnownFileType = sourcecode.c.objc; path = AFHTTPClient.m; sourceTree = "<group>"; };
		2101C0E31868769700A27E46 /* AFHTTPRequestOperation.h */ = {isa = PBXFileReference; fileEncoding = 4; lastKnownFileType = sourcecode.c.h; path = AFHTTPRequestOperation.h; sourceTree = "<group>"; };
		2101C0E41868769700A27E46 /* AFHTTPRequestOperation.m */ = {isa = PBXFileReference; fileEncoding = 4; lastKnownFileType = sourcecode.c.objc; path = AFHTTPRequestOperation.m; sourceTree = "<group>"; };
		2101C0E51868769700A27E46 /* AFImageRequestOperation.h */ = {isa = PBXFileReference; fileEncoding = 4; lastKnownFileType = sourcecode.c.h; path = AFImageRequestOperation.h; sourceTree = "<group>"; };
		2101C0E61868769700A27E46 /* AFImageRequestOperation.m */ = {isa = PBXFileReference; fileEncoding = 4; lastKnownFileType = sourcecode.c.objc; path = AFImageRequestOperation.m; sourceTree = "<group>"; };
		2101C0E71868769700A27E46 /* AFJSONRequestOperation.h */ = {isa = PBXFileReference; fileEncoding = 4; lastKnownFileType = sourcecode.c.h; path = AFJSONRequestOperation.h; sourceTree = "<group>"; };
		2101C0E81868769700A27E46 /* AFJSONRequestOperation.m */ = {isa = PBXFileReference; fileEncoding = 4; lastKnownFileType = sourcecode.c.objc; path = AFJSONRequestOperation.m; sourceTree = "<group>"; };
		2101C0E91868769700A27E46 /* AFJSONUtilities.h */ = {isa = PBXFileReference; fileEncoding = 4; lastKnownFileType = sourcecode.c.h; path = AFJSONUtilities.h; sourceTree = "<group>"; };
		2101C0EA1868769700A27E46 /* AFJSONUtilities.m */ = {isa = PBXFileReference; fileEncoding = 4; lastKnownFileType = sourcecode.c.objc; path = AFJSONUtilities.m; sourceTree = "<group>"; };
		2101C0EB1868769700A27E46 /* AFNetworkActivityIndicatorManager.h */ = {isa = PBXFileReference; fileEncoding = 4; lastKnownFileType = sourcecode.c.h; path = AFNetworkActivityIndicatorManager.h; sourceTree = "<group>"; };
		2101C0EC1868769700A27E46 /* AFNetworkActivityIndicatorManager.m */ = {isa = PBXFileReference; fileEncoding = 4; lastKnownFileType = sourcecode.c.objc; path = AFNetworkActivityIndicatorManager.m; sourceTree = "<group>"; };
		2101C0ED1868769700A27E46 /* AFNetworking.h */ = {isa = PBXFileReference; fileEncoding = 4; lastKnownFileType = sourcecode.c.h; path = AFNetworking.h; sourceTree = "<group>"; };
		2101C0EE1868769700A27E46 /* AFPropertyListRequestOperation.h */ = {isa = PBXFileReference; fileEncoding = 4; lastKnownFileType = sourcecode.c.h; path = AFPropertyListRequestOperation.h; sourceTree = "<group>"; };
		2101C0EF1868769700A27E46 /* AFPropertyListRequestOperation.m */ = {isa = PBXFileReference; fileEncoding = 4; lastKnownFileType = sourcecode.c.objc; path = AFPropertyListRequestOperation.m; sourceTree = "<group>"; };
		2101C0F01868769700A27E46 /* AFURLConnectionOperation.h */ = {isa = PBXFileReference; fileEncoding = 4; lastKnownFileType = sourcecode.c.h; path = AFURLConnectionOperation.h; sourceTree = "<group>"; };
		2101C0F11868769700A27E46 /* AFURLConnectionOperation.m */ = {isa = PBXFileReference; fileEncoding = 4; lastKnownFileType = sourcecode.c.objc; path = AFURLConnectionOperation.m; sourceTree = "<group>"; };
		2101C0F21868769700A27E46 /* AFXMLRequestOperation.h */ = {isa = PBXFileReference; fileEncoding = 4; lastKnownFileType = sourcecode.c.h; path = AFXMLRequestOperation.h; sourceTree = "<group>"; };
		2101C0F31868769700A27E46 /* AFXMLRequestOperation.m */ = {isa = PBXFileReference; fileEncoding = 4; lastKnownFileType = sourcecode.c.objc; path = AFXMLRequestOperation.m; sourceTree = "<group>"; };
		2101C0F41868769700A27E46 /* UIImageView+AFNetworking.h */ = {isa = PBXFileReference; fileEncoding = 4; lastKnownFileType = sourcecode.c.h; path = "UIImageView+AFNetworking.h"; sourceTree = "<group>"; };
		2101C0F51868769700A27E46 /* UIImageView+AFNetworking.m */ = {isa = PBXFileReference; fileEncoding = 4; lastKnownFileType = sourcecode.c.objc; path = "UIImageView+AFNetworking.m"; sourceTree = "<group>"; };
		2101C0F71868769700A27E46 /* GDataXMLNode.h */ = {isa = PBXFileReference; fileEncoding = 4; lastKnownFileType = sourcecode.c.h; path = GDataXMLNode.h; sourceTree = "<group>"; };
		2101C0F81868769700A27E46 /* GDataXMLNode.m */ = {isa = PBXFileReference; fileEncoding = 4; lastKnownFileType = sourcecode.c.objc; path = GDataXMLNode.m; sourceTree = "<group>"; };
		2101C0FA1868769700A27E46 /* OrderedDictionary.h */ = {isa = PBXFileReference; fileEncoding = 4; lastKnownFileType = sourcecode.c.h; path = OrderedDictionary.h; sourceTree = "<group>"; };
		2101C0FB1868769700A27E46 /* OrderedDictionary.m */ = {isa = PBXFileReference; fileEncoding = 4; lastKnownFileType = sourcecode.c.objc; path = OrderedDictionary.m; sourceTree = "<group>"; };
		2101C0FD1868769700A27E46 /* XMLWriter.h */ = {isa = PBXFileReference; fileEncoding = 4; lastKnownFileType = sourcecode.c.h; path = XMLWriter.h; sourceTree = "<group>"; };
		2101C0FE1868769700A27E46 /* XMLWriter.m */ = {isa = PBXFileReference; fileEncoding = 4; lastKnownFileType = sourcecode.c.objc; path = XMLWriter.m; sourceTree = "<group>"; };
		2101C1001868769700A27E46 /* PicoSOAPClient.h */ = {isa = PBXFileReference; fileEncoding = 4; lastKnownFileType = sourcecode.c.h; path = PicoSOAPClient.h; sourceTree = "<group>"; };
		2101C1011868769700A27E46 /* PicoSOAPClient.m */ = {isa = PBXFileReference; fileEncoding = 4; lastKnownFileType = sourcecode.c.objc; path = PicoSOAPClient.m; sourceTree = "<group>"; };
		2101C1021868769700A27E46 /* PicoSOAPRequestOperation.h */ = {isa = PBXFileReference; fileEncoding = 4; lastKnownFileType = sourcecode.c.h; path = PicoSOAPRequestOperation.h; sourceTree = "<group>"; };
		2101C1031868769700A27E46 /* PicoSOAPRequestOperation.m */ = {isa = PBXFileReference; fileEncoding = 4; lastKnownFileType = sourcecode.c.objc; path = PicoSOAPRequestOperation.m; sourceTree = "<group>"; };
		2101C1041868769700A27E46 /* PicoXMLClient.h */ = {isa = PBXFileReference; fileEncoding = 4; lastKnownFileType = sourcecode.c.h; path = PicoXMLClient.h; sourceTree = "<group>"; };
		2101C1051868769700A27E46 /* PicoXMLClient.m */ = {isa = PBXFileReference; fileEncoding = 4; lastKnownFileType = sourcecode.c.objc; path = PicoXMLClient.m; sourceTree = "<group>"; };
		2101C1061868769700A27E46 /* PicoXMLRequestOperation.h */ = {isa = PBXFileReference; fileEncoding = 4; lastKnownFileType = sourcecode.c.h; path = PicoXMLRequestOperation.h; sourceTree = "<group>"; };
		2101C1071868769700A27E46 /* PicoXMLRequestOperation.m */ = {isa = PBXFileReference; fileEncoding = 4; lastKnownFileType = sourcecode.c.objc; path = PicoXMLRequestOperation.m; sourceTree = "<group>"; };
		CEAA8F1516D9C70E0024B5D7 /* libPico.a */ = {isa = PBXFileReference; explicitFileType = archive.ar; includeInIndex = 0; path = libPico.a; sourceTree = BUILT_PRODUCTS_DIR; };
		CEAA8F1816D9C70E0024B5D7 /* Foundation.framework */ = {isa = PBXFileReference; lastKnownFileType = wrapper.framework; name = Foundation.framework; path = System/Library/Frameworks/Foundation.framework; sourceTree = SDKROOT; };
/* End PBXFileReference section */

/* Begin PBXFrameworksBuildPhase section */
		CEAA8F1216D9C70E0024B5D7 /* Frameworks */ = {
			isa = PBXFrameworksBuildPhase;
			buildActionMask = 2147483647;
			files = (
				CEAA8F1916D9C70E0024B5D7 /* Foundation.framework in Frameworks */,
			);
			runOnlyForDeploymentPostprocessing = 0;
		};
/* End PBXFrameworksBuildPhase section */

/* Begin PBXGroup section */
		2101C08A1868769700A27E46 /* Core */ = {
			isa = PBXGroup;
			children = (
				2101C08B1868769700A27E46 /* Cache */,
				2101C0901868769700A27E46 /* Converter */,
				2101C09E1868769700A27E46 /* PicoBindable.h */,
				2101C09F1868769700A27E46 /* PicoConfig.h */,
				2101C0A01868769700A27E46 /* PicoConfig.m */,
				2101C0A11868769700A27E46 /* PicoConstants.h */,
				2101C0A21868769700A27E46 /* PicoConstants.m */,
				2101C0A31868769700A27E46 /* PicoReadable.h */,
				2101C0A41868769700A27E46 /* PicoWritable.h */,
				2101C0A51868769700A27E46 /* PicoXMLReader.h */,
				2101C0A61868769700A27E46 /* PicoXMLReader.m */,
				2101C0A71868769700A27E46 /* PicoXMLWriter.h */,
				2101C0A81868769700A27E46 /* PicoXMLWriter.m */,
				2101C0A91868769700A27E46 /* Schema */,
				2101C0B01868769700A27E46 /* XMLSupport */,
			);
			path = Core;
			sourceTree = "<group>";
		};
		2101C08B1868769700A27E46 /* Cache */ = {
			isa = PBXGroup;
			children = (
				2101C08C1868769700A27E46 /* PicoCache.h */,
				2101C08D1868769700A27E46 /* PicoCache.m */,
				2101C08E1868769700A27E46 /* PicoCacheEntry.h */,
				2101C08F1868769700A27E46 /* PicoCacheEntry.m */,
			);
			path = Cache;
			sourceTree = "<group>";
		};
		2101C0901868769700A27E46 /* Converter */ = {
			isa = PBXGroup;
			children = (
				2101C0911868769700A27E46 /* PicoBoolConverter.h */,
				2101C0921868769700A27E46 /* PicoBoolConverter.m */,
				2101C0931868769700A27E46 /* PicoConvertable.h */,
				2101C0941868769700A27E46 /* PicoConverter.h */,
				2101C0951868769700A27E46 /* PicoConverter.m */,
				2101C0961868769700A27E46 /* PicoDataConverter.h */,
				2101C0971868769700A27E46 /* PicoDataConverter.m */,
				2101C0981868769700A27E46 /* PicoDateConverter.h */,
				2101C0991868769700A27E46 /* PicoDateConverter.m */,
				2101C09A1868769700A27E46 /* PicoNumberConverter.h */,
				2101C09B1868769700A27E46 /* PicoNumberConverter.m */,
				2101C09C1868769700A27E46 /* PicoStringConverter.h */,
				2101C09D1868769700A27E46 /* PicoStringConverter.m */,
			);
			path = Converter;
			sourceTree = "<group>";
		};
		2101C0A91868769700A27E46 /* Schema */ = {
			isa = PBXGroup;
			children = (
				2101C0AA1868769700A27E46 /* PicoBindingSchema.h */,
				2101C0AB1868769700A27E46 /* PicoBindingSchema.m */,
				2101C0AC1868769700A27E46 /* PicoClassSchema.h */,
				2101C0AD1868769700A27E46 /* PicoClassSchema.m */,
				2101C0AE1868769700A27E46 /* PicoPropertySchema.h */,
				2101C0AF1868769700A27E46 /* PicoPropertySchema.m */,
			);
			path = Schema;
			sourceTree = "<group>";
		};
		2101C0B01868769700A27E46 /* XMLSupport */ = {
			isa = PBXGroup;
			children = (
				2101C0B11868769700A27E46 /* PicoXMLElement.h */,
				2101C0B21868769700A27E46 /* PicoXMLElement.m */,
			);
			path = XMLSupport;
			sourceTree = "<group>";
		};
		2101C0B41868769700A27E46 /* SOAP */ = {
			isa = PBXGroup;
			children = (
				2101C0B51868769700A27E46 /* PicoSOAPReader.h */,
				2101C0B61868769700A27E46 /* PicoSOAPReader.m */,
				2101C0B71868769700A27E46 /* PicoSOAPWriter.h */,
				2101C0B81868769700A27E46 /* PicoSOAPWriter.m */,
				2101C0B91868769700A27E46 /* SOAP11 */,
				2101C0C41868769700A27E46 /* SOAP12 */,
			);
			path = SOAP;
			sourceTree = "<group>";
		};
		2101C0B91868769700A27E46 /* SOAP11 */ = {
			isa = PBXGroup;
			children = (
				2101C0BA1868769700A27E46 /* SOAP11Body.h */,
				2101C0BB1868769700A27E46 /* SOAP11Body.m */,
				2101C0BC1868769700A27E46 /* SOAP11Detail.h */,
				2101C0BD1868769700A27E46 /* SOAP11Detail.m */,
				2101C0BE1868769700A27E46 /* SOAP11Envelope.h */,
				2101C0BF1868769700A27E46 /* SOAP11Envelope.m */,
				2101C0C01868769700A27E46 /* SOAP11Fault.h */,
				2101C0C11868769700A27E46 /* SOAP11Fault.m */,
				2101C0C21868769700A27E46 /* SOAP11Header.h */,
				2101C0C31868769700A27E46 /* SOAP11Header.m */,
			);
			path = SOAP11;
			sourceTree = "<group>";
		};
		2101C0C41868769700A27E46 /* SOAP12 */ = {
			isa = PBXGroup;
			children = (
				2101C0C51868769700A27E46 /* SOAP12Body.h */,
				2101C0C61868769700A27E46 /* SOAP12Body.m */,
				2101C0C71868769700A27E46 /* SOAP12Detail.h */,
				2101C0C81868769700A27E46 /* SOAP12Detail.m */,
				2101C0C91868769700A27E46 /* SOAP12Envelope.h */,
				2101C0CA1868769700A27E46 /* SOAP12Envelope.m */,
				2101C0CB1868769700A27E46 /* SOAP12Fault.h */,
				2101C0CC1868769700A27E46 /* SOAP12Fault.m */,
				2101C0CD1868769700A27E46 /* SOAP12Faultcode.h */,
				2101C0CE1868769700A27E46 /* SOAP12Faultcode.m */,
				2101C0CF1868769700A27E46 /* SOAP12FaultcodeEnum.h */,
				2101C0D01868769700A27E46 /* SOAP12FaultcodeEnum.m */,
				2101C0D11868769700A27E46 /* SOAP12Faultreason.h */,
				2101C0D21868769700A27E46 /* SOAP12Faultreason.m */,
				2101C0D31868769700A27E46 /* SOAP12Header.h */,
				2101C0D41868769700A27E46 /* SOAP12Header.m */,
				2101C0D51868769700A27E46 /* SOAP12NotUnderstoodType.h */,
				2101C0D61868769700A27E46 /* SOAP12NotUnderstoodType.m */,
				2101C0D71868769700A27E46 /* SOAP12Reasontext.h */,
				2101C0D81868769700A27E46 /* SOAP12Reasontext.m */,
				2101C0D91868769700A27E46 /* SOAP12Subcode.h */,
				2101C0DA1868769700A27E46 /* SOAP12Subcode.m */,
				2101C0DB1868769700A27E46 /* SOAP12SupportedEnvType.h */,
				2101C0DC1868769700A27E46 /* SOAP12SupportedEnvType.m */,
				2101C0DD1868769700A27E46 /* SOAP12UpgradeType.h */,
				2101C0DE1868769700A27E46 /* SOAP12UpgradeType.m */,
			);
			path = SOAP12;
			sourceTree = "<group>";
		};
		2101C0DF1868769700A27E46 /* Vendor */ = {
			isa = PBXGroup;
			children = (
				2101C0E01868769700A27E46 /* AFNetworking */,
				2101C0F61868769700A27E46 /* GDataXML */,
				2101C0F91868769700A27E46 /* OrderedDictionary */,
				2101C0FC1868769700A27E46 /* XMLWriter */,
			);
			path = Vendor;
			sourceTree = "<group>";
		};
		2101C0E01868769700A27E46 /* AFNetworking */ = {
			isa = PBXGroup;
			children = (
				2101C0E11868769700A27E46 /* AFHTTPClient.h */,
				2101C0E21868769700A27E46 /* AFHTTPClient.m */,
				2101C0E31868769700A27E46 /* AFHTTPRequestOperation.h */,
				2101C0E41868769700A27E46 /* AFHTTPRequestOperation.m */,
				2101C0E51868769700A27E46 /* AFImageRequestOperation.h */,
				2101C0E61868769700A27E46 /* AFImageRequestOperation.m */,
				2101C0E71868769700A27E46 /* AFJSONRequestOperation.h */,
				2101C0E81868769700A27E46 /* AFJSONRequestOperation.m */,
				2101C0E91868769700A27E46 /* AFJSONUtilities.h */,
				2101C0EA1868769700A27E46 /* AFJSONUtilities.m */,
				2101C0EB1868769700A27E46 /* AFNetworkActivityIndicatorManager.h */,
				2101C0EC1868769700A27E46 /* AFNetworkActivityIndicatorManager.m */,
				2101C0ED1868769700A27E46 /* AFNetworking.h */,
				2101C0EE1868769700A27E46 /* AFPropertyListRequestOperation.h */,
				2101C0EF1868769700A27E46 /* AFPropertyListRequestOperation.m */,
				2101C0F01868769700A27E46 /* AFURLConnectionOperation.h */,
				2101C0F11868769700A27E46 /* AFURLConnectionOperation.m */,
				2101C0F21868769700A27E46 /* AFXMLRequestOperation.h */,
				2101C0F31868769700A27E46 /* AFXMLRequestOperation.m */,
				2101C0F41868769700A27E46 /* UIImageView+AFNetworking.h */,
				2101C0F51868769700A27E46 /* UIImageView+AFNetworking.m */,
			);
			path = AFNetworking;
			sourceTree = "<group>";
		};
		2101C0F61868769700A27E46 /* GDataXML */ = {
			isa = PBXGroup;
			children = (
				2101C0F71868769700A27E46 /* GDataXMLNode.h */,
				2101C0F81868769700A27E46 /* GDataXMLNode.m */,
			);
			path = GDataXML;
			sourceTree = "<group>";
		};
		2101C0F91868769700A27E46 /* OrderedDictionary */ = {
			isa = PBXGroup;
			children = (
				2101C0FA1868769700A27E46 /* OrderedDictionary.h */,
				2101C0FB1868769700A27E46 /* OrderedDictionary.m */,
			);
			path = OrderedDictionary;
			sourceTree = "<group>";
		};
		2101C0FC1868769700A27E46 /* XMLWriter */ = {
			isa = PBXGroup;
			children = (
				2101C0FD1868769700A27E46 /* XMLWriter.h */,
				2101C0FE1868769700A27E46 /* XMLWriter.m */,
			);
			path = XMLWriter;
			sourceTree = "<group>";
		};
		2101C0FF1868769700A27E46 /* WebService */ = {
			isa = PBXGroup;
			children = (
				2101C1001868769700A27E46 /* PicoSOAPClient.h */,
				2101C1011868769700A27E46 /* PicoSOAPClient.m */,
				2101C1021868769700A27E46 /* PicoSOAPRequestOperation.h */,
				2101C1031868769700A27E46 /* PicoSOAPRequestOperation.m */,
				2101C1041868769700A27E46 /* PicoXMLClient.h */,
				2101C1051868769700A27E46 /* PicoXMLClient.m */,
				2101C1061868769700A27E46 /* PicoXMLRequestOperation.h */,
				2101C1071868769700A27E46 /* PicoXMLRequestOperation.m */,
			);
			path = WebService;
			sourceTree = "<group>";
		};
		CE565A5416F5A0390097A66B /* PicoSource */ = {
			isa = PBXGroup;
			children = (
				2101C08A1868769700A27E46 /* Core */,
				2101C0B31868769700A27E46 /* pico-Prefix.pch */,
				2101C0B41868769700A27E46 /* SOAP */,
				2101C0DF1868769700A27E46 /* Vendor */,
				2101C0FF1868769700A27E46 /* WebService */,
			);
			path = PicoSource;
			sourceTree = "<group>";
		};
		CEAA8F0A16D9C70E0024B5D7 = {
			isa = PBXGroup;
			children = (
				CE565A5416F5A0390097A66B /* PicoSource */,
				CEAA8F1716D9C70E0024B5D7 /* Frameworks */,
				CEAA8F1616D9C70E0024B5D7 /* Products */,
			);
			sourceTree = "<group>";
		};
		CEAA8F1616D9C70E0024B5D7 /* Products */ = {
			isa = PBXGroup;
			children = (
				CEAA8F1516D9C70E0024B5D7 /* libPico.a */,
			);
			name = Products;
			sourceTree = "<group>";
		};
		CEAA8F1716D9C70E0024B5D7 /* Frameworks */ = {
			isa = PBXGroup;
			children = (
				CEAA8F1816D9C70E0024B5D7 /* Foundation.framework */,
			);
			name = Frameworks;
			sourceTree = "<group>";
		};
/* End PBXGroup section */

/* Begin PBXHeadersBuildPhase section */
		CEA0186C16E99F690052DC2B /* Headers */ = {
			isa = PBXHeadersBuildPhase;
			buildActionMask = 2147483647;
			files = (
				2101C1081868769700A27E46 /* PicoCache.h in Headers */,
				2101C12F1868769700A27E46 /* PicoSOAPWriter.h in Headers */,
				2101C1681868769700A27E46 /* UIImageView+AFNetworking.h in Headers */,
				2101C11F1868769700A27E46 /* PicoWritable.h in Headers */,
				2101C1591868769700A27E46 /* AFImageRequestOperation.h in Headers */,
				2101C13B1868769700A27E46 /* SOAP12Body.h in Headers */,
				2101C11C1868769700A27E46 /* PicoConstants.h in Headers */,
				2101C1511868769700A27E46 /* SOAP12SupportedEnvType.h in Headers */,
				2101C10F1868769700A27E46 /* PicoConverter.h in Headers */,
				2101C13F1868769700A27E46 /* SOAP12Envelope.h in Headers */,
				2101C1741868769700A27E46 /* PicoXMLClient.h in Headers */,
				2101C12A1868769700A27E46 /* PicoXMLElement.h in Headers */,
				2101C1701868769700A27E46 /* PicoSOAPClient.h in Headers */,
				2101C1191868769700A27E46 /* PicoBindable.h in Headers */,
				2101C16C1868769700A27E46 /* OrderedDictionary.h in Headers */,
				2101C10C1868769700A27E46 /* PicoBoolConverter.h in Headers */,
				2101C1621868769700A27E46 /* AFPropertyListRequestOperation.h in Headers */,
				2101C16A1868769700A27E46 /* GDataXMLNode.h in Headers */,
				2101C1761868769700A27E46 /* PicoXMLRequestOperation.h in Headers */,
				2101C1571868769700A27E46 /* AFHTTPRequestOperation.h in Headers */,
				2101C15B1868769700A27E46 /* AFJSONRequestOperation.h in Headers */,
				2101C1131868769700A27E46 /* PicoDateConverter.h in Headers */,
				2101C14B1868769700A27E46 /* SOAP12NotUnderstoodType.h in Headers */,
				2101C1351868769700A27E46 /* SOAP11Envelope.h in Headers */,
				2101C1281868769700A27E46 /* PicoPropertySchema.h in Headers */,
				2101C14F1868769700A27E46 /* SOAP12Subcode.h in Headers */,
				2101C10A1868769700A27E46 /* PicoCacheEntry.h in Headers */,
				2101C1331868769700A27E46 /* SOAP11Detail.h in Headers */,
				2101C12C1868769700A27E46 /* pico-Prefix.pch in Headers */,
				2101C1111868769700A27E46 /* PicoDataConverter.h in Headers */,
				2101C1201868769700A27E46 /* PicoXMLReader.h in Headers */,
				2101C15D1868769700A27E46 /* AFJSONUtilities.h in Headers */,
				2101C1371868769700A27E46 /* SOAP11Fault.h in Headers */,
				2101C15F1868769700A27E46 /* AFNetworkActivityIndicatorManager.h in Headers */,
				2101C1551868769700A27E46 /* AFHTTPClient.h in Headers */,
				2101C16E1868769700A27E46 /* XMLWriter.h in Headers */,
				2101C1641868769700A27E46 /* AFURLConnectionOperation.h in Headers */,
				2101C10E1868769700A27E46 /* PicoConvertable.h in Headers */,
				2101C14D1868769700A27E46 /* SOAP12Reasontext.h in Headers */,
				2101C13D1868769700A27E46 /* SOAP12Detail.h in Headers */,
				2101C1411868769700A27E46 /* SOAP12Fault.h in Headers */,
				2101C1721868769700A27E46 /* PicoSOAPRequestOperation.h in Headers */,
				2101C1661868769700A27E46 /* AFXMLRequestOperation.h in Headers */,
				2101C1391868769700A27E46 /* SOAP11Header.h in Headers */,
				2101C1171868769700A27E46 /* PicoStringConverter.h in Headers */,
				2101C1151868769700A27E46 /* PicoNumberConverter.h in Headers */,
				2101C1611868769700A27E46 /* AFNetworking.h in Headers */,
				2101C1471868769700A27E46 /* SOAP12Faultreason.h in Headers */,
				2101C1531868769700A27E46 /* SOAP12UpgradeType.h in Headers */,
				2101C1261868769700A27E46 /* PicoClassSchema.h in Headers */,
				2101C11A1868769700A27E46 /* PicoConfig.h in Headers */,
				2101C1221868769700A27E46 /* PicoXMLWriter.h in Headers */,
				2101C1241868769700A27E46 /* PicoBindingSchema.h in Headers */,
				2101C1431868769700A27E46 /* SOAP12Faultcode.h in Headers */,
				2101C1491868769700A27E46 /* SOAP12Header.h in Headers */,
				2101C1311868769700A27E46 /* SOAP11Body.h in Headers */,
				2101C1451868769700A27E46 /* SOAP12FaultcodeEnum.h in Headers */,
				2101C11E1868769700A27E46 /* PicoReadable.h in Headers */,
				2101C12D1868769700A27E46 /* PicoSOAPReader.h in Headers */,
			);
			runOnlyForDeploymentPostprocessing = 0;
		};
/* End PBXHeadersBuildPhase section */

/* Begin PBXNativeTarget section */
		CEAA8F1416D9C70E0024B5D7 /* Pico */ = {
			isa = PBXNativeTarget;
			buildConfigurationList = CEAA8F2316D9C70E0024B5D7 /* Build configuration list for PBXNativeTarget "Pico" */;
			buildPhases = (
				CEAA8F1116D9C70E0024B5D7 /* Sources */,
				CEAA8F1216D9C70E0024B5D7 /* Frameworks */,
				CEAA8F1316D9C70E0024B5D7 /* Copy Files */,
				CEA0186C16E99F690052DC2B /* Headers */,
			);
			buildRules = (
			);
			dependencies = (
			);
			name = Pico;
			productName = pico;
			productReference = CEAA8F1516D9C70E0024B5D7 /* libPico.a */;
			productType = "com.apple.product-type.library.static";
		};
/* End PBXNativeTarget section */

/* Begin PBXProject section */
		CEAA8F0C16D9C70E0024B5D7 /* Project object */ = {
			isa = PBXProject;
			attributes = {
				CLASSPREFIX = Pico;
				LastUpgradeCheck = 0450;
				ORGANIZATIONNAME = "LeanSoft Technology";
			};
			buildConfigurationList = CEAA8F0F16D9C70E0024B5D7 /* Build configuration list for PBXProject "Pico" */;
			compatibilityVersion = "Xcode 3.2";
			developmentRegion = English;
			hasScannedForEncodings = 0;
			knownRegions = (
				en,
			);
			mainGroup = CEAA8F0A16D9C70E0024B5D7;
			productRefGroup = CEAA8F1616D9C70E0024B5D7 /* Products */;
			projectDirPath = "";
			projectRoot = "";
			targets = (
				CEAA8F1416D9C70E0024B5D7 /* Pico */,
			);
		};
/* End PBXProject section */

/* Begin PBXSourcesBuildPhase section */
		CEAA8F1116D9C70E0024B5D7 /* Sources */ = {
			isa = PBXSourcesBuildPhase;
			buildActionMask = 2147483647;
			files = (
				2101C1651868769700A27E46 /* AFURLConnectionOperation.m in Sources */,
				2101C1671868769700A27E46 /* AFXMLRequestOperation.m in Sources */,
				2101C1301868769700A27E46 /* PicoSOAPWriter.m in Sources */,
				2101C13A1868769700A27E46 /* SOAP11Header.m in Sources */,
				2101C1581868769700A27E46 /* AFHTTPRequestOperation.m in Sources */,
				2101C1691868769700A27E46 /* UIImageView+AFNetworking.m in Sources */,
				2101C1341868769700A27E46 /* SOAP11Detail.m in Sources */,
				2101C1291868769700A27E46 /* PicoPropertySchema.m in Sources */,
				2101C14C1868769700A27E46 /* SOAP12NotUnderstoodType.m in Sources */,
				2101C16D1868769700A27E46 /* OrderedDictionary.m in Sources */,
				2101C12B1868769700A27E46 /* PicoXMLElement.m in Sources */,
				2101C11D1868769700A27E46 /* PicoConstants.m in Sources */,
				2101C1251868769700A27E46 /* PicoBindingSchema.m in Sources */,
				2101C15A1868769700A27E46 /* AFImageRequestOperation.m in Sources */,
				2101C15E1868769700A27E46 /* AFJSONUtilities.m in Sources */,
				2101C10B1868769700A27E46 /* PicoCacheEntry.m in Sources */,
				2101C1321868769700A27E46 /* SOAP11Body.m in Sources */,
				2101C14A1868769700A27E46 /* SOAP12Header.m in Sources */,
				2101C16B1868769700A27E46 /* GDataXMLNode.m in Sources */,
				2101C1441868769700A27E46 /* SOAP12Faultcode.m in Sources */,
				2101C1481868769700A27E46 /* SOAP12Faultreason.m in Sources */,
				2101C11B1868769700A27E46 /* PicoConfig.m in Sources */,
				2101C1461868769700A27E46 /* SOAP12FaultcodeEnum.m in Sources */,
				2101C1101868769700A27E46 /* PicoConverter.m in Sources */,
				2101C12E1868769700A27E46 /* PicoSOAPReader.m in Sources */,
				2101C1751868769700A27E46 /* PicoXMLClient.m in Sources */,
				2101C1501868769700A27E46 /* SOAP12Subcode.m in Sources */,
				2101C1381868769700A27E46 /* SOAP11Fault.m in Sources */,
				2101C1401868769700A27E46 /* SOAP12Envelope.m in Sources */,
				2101C1521868769700A27E46 /* SOAP12SupportedEnvType.m in Sources */,
				2101C1771868769700A27E46 /* PicoXMLRequestOperation.m in Sources */,
				2101C1181868769700A27E46 /* PicoStringConverter.m in Sources */,
				2101C1711868769700A27E46 /* PicoSOAPClient.m in Sources */,
				2101C1731868769700A27E46 /* PicoSOAPRequestOperation.m in Sources */,
				2101C1541868769700A27E46 /* SOAP12UpgradeType.m in Sources */,
				2101C1601868769700A27E46 /* AFNetworkActivityIndicatorManager.m in Sources */,
				2101C1271868769700A27E46 /* PicoClassSchema.m in Sources */,
				2101C1361868769700A27E46 /* SOAP11Envelope.m in Sources */,
				2101C14E1868769700A27E46 /* SOAP12Reasontext.m in Sources */,
				2101C16F1868769700A27E46 /* XMLWriter.m in Sources */,
				2101C1211868769700A27E46 /* PicoXMLReader.m in Sources */,
				2101C10D1868769700A27E46 /* PicoBoolConverter.m in Sources */,
				2101C1231868769700A27E46 /* PicoXMLWriter.m in Sources */,
				2101C13E1868769700A27E46 /* SOAP12Detail.m in Sources */,
				2101C13C1868769700A27E46 /* SOAP12Body.m in Sources */,
				2101C1141868769700A27E46 /* PicoDateConverter.m in Sources */,
				2101C1161868769700A27E46 /* PicoNumberConverter.m in Sources */,
				2101C1561868769700A27E46 /* AFHTTPClient.m in Sources */,
				2101C1421868769700A27E46 /* SOAP12Fault.m in Sources */,
				2101C1091868769700A27E46 /* PicoCache.m in Sources */,
				2101C15C1868769700A27E46 /* AFJSONRequestOperation.m in Sources */,
				2101C1631868769700A27E46 /* AFPropertyListRequestOperation.m in Sources */,
				2101C1121868769700A27E46 /* PicoDataConverter.m in Sources */,
			);
			runOnlyForDeploymentPostprocessing = 0;
		};
/* End PBXSourcesBuildPhase section */

/* Begin XCBuildConfiguration section */
		CEAA8F2116D9C70E0024B5D7 /* Debug */ = {
			isa = XCBuildConfiguration;
			buildSettings = {
				ALWAYS_SEARCH_USER_PATHS = NO;
				CLANG_CXX_LANGUAGE_STANDARD = "gnu++0x";
				CLANG_CXX_LIBRARY = "libc++";
				CLANG_WARN_EMPTY_BODY = YES;
				CLANG_WARN__DUPLICATE_METHOD_MATCH = YES;
				COPY_PHASE_STRIP = NO;
				GCC_C_LANGUAGE_STANDARD = gnu99;
				GCC_DYNAMIC_NO_PIC = NO;
				GCC_OPTIMIZATION_LEVEL = 0;
				GCC_PREPROCESSOR_DEFINITIONS = (
					"DEBUG=1",
					"$(inherited)",
				);
				GCC_SYMBOLS_PRIVATE_EXTERN = NO;
				GCC_WARN_ABOUT_RETURN_TYPE = YES;
				GCC_WARN_UNINITIALIZED_AUTOS = YES;
				GCC_WARN_UNUSED_VARIABLE = YES;
				IPHONEOS_DEPLOYMENT_TARGET = 6.0;
				ONLY_ACTIVE_ARCH = YES;
				SDKROOT = iphoneos;
			};
			name = Debug;
		};
		CEAA8F2216D9C70E0024B5D7 /* Release */ = {
			isa = XCBuildConfiguration;
			buildSettings = {
				ALWAYS_SEARCH_USER_PATHS = NO;
				CLANG_CXX_LANGUAGE_STANDARD = "gnu++0x";
				CLANG_CXX_LIBRARY = "libc++";
				CLANG_WARN_EMPTY_BODY = YES;
				CLANG_WARN__DUPLICATE_METHOD_MATCH = YES;
				COPY_PHASE_STRIP = YES;
				GCC_C_LANGUAGE_STANDARD = gnu99;
				GCC_WARN_ABOUT_RETURN_TYPE = YES;
				GCC_WARN_UNINITIALIZED_AUTOS = YES;
				GCC_WARN_UNUSED_VARIABLE = YES;
				IPHONEOS_DEPLOYMENT_TARGET = 6.0;
				SDKROOT = iphoneos;
				VALIDATE_PRODUCT = YES;
			};
			name = Release;
		};
		CEAA8F2416D9C70E0024B5D7 /* Debug */ = {
			isa = XCBuildConfiguration;
			buildSettings = {
				DSTROOT = /tmp/pico.dst;
				GCC_PRECOMPILE_PREFIX_HEADER = YES;
				GCC_PREFIX_HEADER = "PicoSource/Pico-Prefix.pch";
				HEADER_SEARCH_PATHS = /usr/include/libxml2;
				IPHONEOS_DEPLOYMENT_TARGET = 4.3;
				ONLY_ACTIVE_ARCH = NO;
				OTHER_LDFLAGS = "-ObjC";
				PRODUCT_NAME = "$(TARGET_NAME)";
				SKIP_INSTALL = YES;
				TARGETED_DEVICE_FAMILY = "1,2";
			};
			name = Debug;
		};
		CEAA8F2516D9C70E0024B5D7 /* Release */ = {
			isa = XCBuildConfiguration;
			buildSettings = {
				DSTROOT = /tmp/pico.dst;
				GCC_PRECOMPILE_PREFIX_HEADER = YES;
				GCC_PREFIX_HEADER = "PicoSource/Pico-Prefix.pch";
				HEADER_SEARCH_PATHS = /usr/include/libxml2;
				IPHONEOS_DEPLOYMENT_TARGET = 4.3;
				ONLY_ACTIVE_ARCH = NO;
				OTHER_LDFLAGS = "-ObjC";
				PRODUCT_NAME = "$(TARGET_NAME)";
				SKIP_INSTALL = YES;
				TARGETED_DEVICE_FAMILY = "1,2";
			};
			name = Release;
		};
/* End XCBuildConfiguration section */

/* Begin XCConfigurationList section */
		CEAA8F0F16D9C70E0024B5D7 /* Build configuration list for PBXProject "Pico" */ = {
			isa = XCConfigurationList;
			buildConfigurations = (
				CEAA8F2116D9C70E0024B5D7 /* Debug */,
				CEAA8F2216D9C70E0024B5D7 /* Release */,
			);
			defaultConfigurationIsVisible = 0;
			defaultConfigurationName = Release;
		};
		CEAA8F2316D9C70E0024B5D7 /* Build configuration list for PBXNativeTarget "Pico" */ = {
			isa = XCConfigurationList;
			buildConfigurations = (
				CEAA8F2416D9C70E0024B5D7 /* Debug */,
				CEAA8F2516D9C70E0024B5D7 /* Release */,
			);
			defaultConfigurationIsVisible = 0;
			defaultConfigurationName = Release;
		};
/* End XCConfigurationList section */
	};
	rootObject = CEAA8F0C16D9C70E0024B5D7 /* Project object */;
}
